
Microsoft Visual Studio Solution File, Format Version 12.00
# Visual Studio 15
VisualStudioVersion = 15.0.28307.779
MinimumVisualStudioVersion = 10.0.40219.1
Project("{FAE04EC0-301F-11D3-BF4B-00C04F79EFBC}") = "Device", "Device\Device.csproj", "{3E3870A0-AADA-4DB0-9B4F-DF46E95EAF69}"
EndProject
Project("{FAE04EC0-301F-11D3-BF4B-00C04F79EFBC}") = "Server", "Server\Server.csproj", "{0D6A9F60-8DC6-4912-BD1D-039E08F05B62}"
EndProject
Global
	GlobalSection(SolutionConfigurationPlatforms) = preSolution
		Debug|Any CPU = Debug|Any CPU
		Release|Any CPU = Release|Any CPU
	EndGlobalSection
	GlobalSection(ProjectConfigurationPlatforms) = postSolution
		{3E3870A0-AADA-4DB0-9B4F-DF46E95EAF69}.Debug|Any CPU.ActiveCfg = Debug|Any CPU
		{3E3870A0-AADA-4DB0-9B4F-DF46E95EAF69}.Debug|Any CPU.Build.0 = Debug|Any CPU
		{3E3870A0-AADA-4DB0-9B4F-DF46E95EAF69}.Release|Any CPU.ActiveCfg = Release|Any CPU
		{3E3870A0-AADA-4DB0-9B4F-DF46E95EAF69}.Release|Any CPU.Build.0 = Release|Any CPU
		{0D6A9F60-8DC6-4912-BD1D-039E08F05B62}.Debug|Any CPU.ActiveCfg = Debug|Any CPU
		{0D6A9F60-8DC6-4912-BD1D-039E08F05B62}.Debug|Any CPU.Build.0 = Debug|Any CPU
		{0D6A9F60-8DC6-4912-BD1D-039E08F05B62}.Release|Any CPU.ActiveCfg = Release|Any CPU
		{0D6A9F60-8DC6-4912-BD1D-039E08F05B62}.Release|Any CPU.Build.0 = Release|Any CPU
	EndGlobalSection
	GlobalSection(SolutionProperties) = preSolution
		HideSolutionNode = FALSE
	EndGlobalSection
	GlobalSection(ExtensibilityGlobals) = postSolution
		SolutionGuid = {D1AE7BF8-3454-436C-9995-17FAF155F22E}
	EndGlobalSection
EndGlobal
